
Microsoft Visual Studio Solution File, Format Version 12.00
# Visual Studio Version 17
VisualStudioVersion = 17.5.33516.290
MinimumVisualStudioVersion = 10.0.40219.1
Project("{FAE04EC0-301F-11D3-BF4B-00C04F79EFBC}") = "BaseExponent", "BaseExponent\BaseExponent.csproj", "{BEAFC16B-E158-4BB6-9E13-BFB5B727214F}"
EndProject
Global
	GlobalSection(SolutionConfigurationPlatforms) = preSolution
		Debug|Any CPU = Debug|Any CPU
		Release|Any CPU = Release|Any CPU
	EndGlobalSection
	GlobalSection(ProjectConfigurationPlatforms) = postSolution
		{BEAFC16B-E158-4BB6-9E13-BFB5B727214F}.Debug|Any CPU.ActiveCfg = Debug|Any CPU
		{BEAFC16B-E158-4BB6-9E13-BFB5B727214F}.Debug|Any CPU.Build.0 = Debug|Any CPU
		{BEAFC16B-E158-4BB6-9E13-BFB5B727214F}.Release|Any CPU.ActiveCfg = Release|Any CPU
		{BEAFC16B-E158-4BB6-9E13-BFB5B727214F}.Release|Any CPU.Build.0 = Release|Any CPU
	EndGlobalSection
	GlobalSection(SolutionProperties) = preSolution
		HideSolutionNode = FALSE
	EndGlobalSection
	GlobalSection(ExtensibilityGlobals) = postSolution
		SolutionGuid = {0DF964B7-F84E-4CB0-BD2F-D8F5A60BF106}
	EndGlobalSection
EndGlobal
